
Microsoft Visual Studio Solution File, Format Version 12.00
# Visual Studio Version 17
VisualStudioVersion = 17.3.32929.385
MinimumVisualStudioVersion = 10.0.40219.1
Project("{FAE04EC0-301F-11D3-BF4B-00C04F79EFBC}") = "Client", "ImageSending_Client\Client.csproj", "{D45C54E7-31EB-4D0A-98E9-3A792CECD9A6}"
EndProject
Global
	GlobalSection(SolutionConfigurationPlatforms) = preSolution
		Debug|Any CPU = Debug|Any CPU
		Release|Any CPU = Release|Any CPU
	EndGlobalSection
	GlobalSection(ProjectConfigurationPlatforms) = postSolution
		{D45C54E7-31EB-4D0A-98E9-3A792CECD9A6}.Debug|Any CPU.ActiveCfg = Debug|Any CPU
		{D45C54E7-31EB-4D0A-98E9-3A792CECD9A6}.Debug|Any CPU.Build.0 = Debug|Any CPU
		{D45C54E7-31EB-4D0A-98E9-3A792CECD9A6}.Release|Any CPU.ActiveCfg = Release|Any CPU
		{D45C54E7-31EB-4D0A-98E9-3A792CECD9A6}.Release|Any CPU.Build.0 = Release|Any CPU
	EndGlobalSection
	GlobalSection(SolutionProperties) = preSolution
		HideSolutionNode = FALSE
	EndGlobalSection
	GlobalSection(ExtensibilityGlobals) = postSolution
		SolutionGuid = {8C0BC0C7-D2AA-45B1-B470-907531A9FD10}
	EndGlobalSection
EndGlobal
